Microsoft Visual Studio Solution File, Format Version 11.00
# Visual Studio 2008

Project("{A8147067-2922-255A-E45B-6CBCEC2DFFF7}") = "Secreto", "Assembly-CSharp.csproj", "{7DBC04B9-CB39-C177-9BA9-97926A4D5962}"
EndProject
Project("{A8147067-2922-255A-E45B-6CBCEC2DFFF7}") = "Secreto", "Assembly-CSharp-Editor.csproj", "{6286C3DD-1B91-DE95-B242-EFBD55623F2B}"
EndProject
Global
	GlobalSection(SolutionConfigurationPlatforms) = preSolution
		Debug|Any CPU = Debug|Any CPU
		Release|Any CPU = Release|Any CPU
	EndGlobalSection
	GlobalSection(ProjectConfigurationPlatforms) = postSolution
		{7DBC04B9-CB39-C177-9BA9-97926A4D5962}.Debug|Any CPU.ActiveCfg = Debug|Any CPU
		{7DBC04B9-CB39-C177-9BA9-97926A4D5962}.Debug|Any CPU.Build.0 = Debug|Any CPU
		{7DBC04B9-CB39-C177-9BA9-97926A4D5962}.Release|Any CPU.ActiveCfg = Release|Any CPU
		{7DBC04B9-CB39-C177-9BA9-97926A4D5962}.Release|Any CPU.Build.0 = Release|Any CPU
		{6286C3DD-1B91-DE95-B242-EFBD55623F2B}.Debug|Any CPU.ActiveCfg = Debug|Any CPU
		{6286C3DD-1B91-DE95-B242-EFBD55623F2B}.Debug|Any CPU.Build.0 = Debug|Any CPU
		{6286C3DD-1B91-DE95-B242-EFBD55623F2B}.Release|Any CPU.ActiveCfg = Release|Any CPU
		{6286C3DD-1B91-DE95-B242-EFBD55623F2B}.Release|Any CPU.Build.0 = Release|Any CPU
	EndGlobalSection
	GlobalSection(SolutionProperties) = preSolution
		HideSolutionNode = FALSE
	EndGlobalSection
	GlobalSection(MonoDevelopProperties) = preSolution
		StartupItem = Assembly-CSharp.csproj
	EndGlobalSection
EndGlobal
