
Microsoft Visual Studio Solution File, Format Version 12.00
# Visual Studio 2015
Project("{FAE04EC0-301F-11D3-BF4B-00C04F79EFBC}") = "Secreto.CSharp", "Secreto.CSharp.csproj", "{5DFF8C4B-4E62-2690-B4A0-3442B34FB4D7}"
EndProject
Global
	GlobalSection(SolutionConfigurationPlatforms) = preSolution
		Debug|Any CPU = Debug|Any CPU
		Release|Any CPU = Release|Any CPU
	EndGlobalSection
	GlobalSection(ProjectConfigurationPlatforms) = postSolution
		{5DFF8C4B-4E62-2690-B4A0-3442B34FB4D7}.Debug|Any CPU.ActiveCfg = Debug|Any CPU
		{5DFF8C4B-4E62-2690-B4A0-3442B34FB4D7}.Debug|Any CPU.Build.0 = Debug|Any CPU
		{5DFF8C4B-4E62-2690-B4A0-3442B34FB4D7}.Release|Any CPU.ActiveCfg = Release|Any CPU
		{5DFF8C4B-4E62-2690-B4A0-3442B34FB4D7}.Release|Any CPU.Build.0 = Release|Any CPU
	EndGlobalSection
	GlobalSection(SolutionProperties) = preSolution
		HideSolutionNode = FALSE
	EndGlobalSection
EndGlobal
