
Microsoft Visual Studio Solution File, Format Version 12.00
# Visual Studio 14
VisualStudioVersion = 14.0.23107.0
MinimumVisualStudioVersion = 10.0.40219.1
Project("{FAE04EC0-301F-11D3-BF4B-00C04F79EFBC}") = "UnityVS.Secreto.CSharp.Plugins", "UnityVS.Secreto.CSharp.Plugins.csproj", "{E5F8B0C6-EE89-8C81-0DD6-E9EBC1371E63}"
EndProject
Project("{FAE04EC0-301F-11D3-BF4B-00C04F79EFBC}") = "UnityVS.Secreto.CSharp", "UnityVS.Secreto.CSharp.csproj", "{B62DC655-4D35-6293-0532-DBE0802381C8}"
EndProject
Project("{FAE04EC0-301F-11D3-BF4B-00C04F79EFBC}") = "UnityVS.Secreto.CSharp.Editor", "UnityVS.Secreto.CSharp.Editor.csproj", "{B1F84ADF-4E3E-EEBC-C86E-651EEC786B97}"
EndProject
Global
	GlobalSection(SolutionConfigurationPlatforms) = preSolution
		Debug|Any CPU = Debug|Any CPU
		Release|Any CPU = Release|Any CPU
	EndGlobalSection
	GlobalSection(ProjectConfigurationPlatforms) = postSolution
		{E5F8B0C6-EE89-8C81-0DD6-E9EBC1371E63}.Debug|Any CPU.ActiveCfg = Debug|Any CPU
		{E5F8B0C6-EE89-8C81-0DD6-E9EBC1371E63}.Debug|Any CPU.Build.0 = Debug|Any CPU
		{E5F8B0C6-EE89-8C81-0DD6-E9EBC1371E63}.Release|Any CPU.ActiveCfg = Release|Any CPU
		{E5F8B0C6-EE89-8C81-0DD6-E9EBC1371E63}.Release|Any CPU.Build.0 = Release|Any CPU
		{B62DC655-4D35-6293-0532-DBE0802381C8}.Debug|Any CPU.ActiveCfg = Debug|Any CPU
		{B62DC655-4D35-6293-0532-DBE0802381C8}.Debug|Any CPU.Build.0 = Debug|Any CPU
		{B62DC655-4D35-6293-0532-DBE0802381C8}.Release|Any CPU.ActiveCfg = Release|Any CPU
		{B62DC655-4D35-6293-0532-DBE0802381C8}.Release|Any CPU.Build.0 = Release|Any CPU
		{B1F84ADF-4E3E-EEBC-C86E-651EEC786B97}.Debug|Any CPU.ActiveCfg = Debug|Any CPU
		{B1F84ADF-4E3E-EEBC-C86E-651EEC786B97}.Debug|Any CPU.Build.0 = Debug|Any CPU
		{B1F84ADF-4E3E-EEBC-C86E-651EEC786B97}.Release|Any CPU.ActiveCfg = Release|Any CPU
		{B1F84ADF-4E3E-EEBC-C86E-651EEC786B97}.Release|Any CPU.Build.0 = Release|Any CPU
	EndGlobalSection
	GlobalSection(SolutionProperties) = preSolution
		HideSolutionNode = FALSE
	EndGlobalSection
EndGlobal
